PODS:
  - Analytics (3.6.9)
  - Bolts (1.9.0):
    - Bolts/AppLinks (= 1.9.0)
    - Bolts/Tasks (= 1.9.0)
  - Bolts/AppLinks (1.9.0):
    - Bolts/Tasks
  - Bolts/Tasks (1.9.0)
  - Crashlytics (3.11.1):
    - Fabric (~> 1.8.1)
  - Fabric (1.8.2)
  - FBSDKCoreKit (4.38.1):
    - Bolts (~> 1.9)
  - FBSDKLoginKit (4.38.1):
    - FBSDKCoreKit
  - KeychainSwift (13.0.0)
  - OAuthSwift (1.2.2)
  - PayPal-iOS-Dynamic-Loader (1.0.1)
  - PayPal-iOS-SDK/Core (2.18.1)
  - SDWebImage (4.4.2):
    - SDWebImage/Core (= 4.4.2)
  - SDWebImage/Core (4.4.2)
  - Stripe (15.0.0)

DEPENDENCIES:
  - Analytics (~> 3.0)
  - Crashlytics
  - Fabric
  - FBSDKCoreKit
  - FBSDKLoginKit
  - KeychainSwift
  - OAuthSwift (~> 1.2.0)
  - PayPal-iOS-Dynamic-Loader
  - PayPal-iOS-SDK/Core (~> 2.18.0)
  - SDWebImage (~> 4.3)
  - Stripe

SPEC REPOS:
  https://github.com/cocoapods/specs.git:
    - Analytics
    - Bolts
    - Crashlytics
    - Fabric
    - FBSDKCoreKit
    - FBSDKLoginKit
    - KeychainSwift
    - OAuthSwift
    - PayPal-iOS-Dynamic-Loader
    - PayPal-iOS-SDK
    - SDWebImage
    - Stripe

SPEC CHECKSUMS:
  Analytics: 6541ce337e99d9f7a2240a8b3953940a7be5f998
  Bolts: ac6567323eac61e203f6a9763667d0f711be34c8
  Crashlytics: ca7ab4bc304aa216bdc2e4c1a96389ee77252203
  Fabric: d2b22f443ba195d8a7cc204da230977c72733b40
  FBSDKCoreKit: 8d47857400e2f5bdea697a80daff882e91c84ef6
  FBSDKLoginKit: 4621c690d9dd8628031a4791497062183ea34b0d
  KeychainSwift: 23d6c16cbc33f20fafa30c3d783241b4b87d998c
  OAuthSwift: 27b34fe80b76b67cd8f45571e0be2432bc9f6de1
  PayPal-iOS-Dynamic-Loader: a32db083fe7e8f8d9ad4309e483e369c9a47e5eb
  PayPal-iOS-SDK: 10654cd111e911a9807bddb96fae81aacb8e9915
  SDWebImage: 624d6e296c69b244bcede364c72ae0430ac14681
  Stripe: 312b22a67af9fa55c246d26148b3f3a9636a0ff2

PODFILE CHECKSUM: 5bbaf4c5ad3ec156cc4119551c726d716381cd17

COCOAPODS: 1.6.1
