// !$*UTF8*$!
{
	archiveVersion = 1;
	classes = {
	};
	objectVersion = 48;
	objects = {

/* Begin PBXBuildFile section */
		2E0B58801FB30F2100F31A9E /* AppDelegate.swift in Sources */ = {isa = PBXBuildFile; fileRef = 2E0B587F1FB30F2100F31A9E /* AppDelegate.swift */; };
		2E0B58851FB30F2100F31A9E /* Main.storyboard in Resources */ = {isa = PBXBuildFile; fileRef = 2E0B58831FB30F2100F31A9E /* Main.storyboard */; };
		2E0B58871FB30F2100F31A9E /* Assets.xcassets in Resources */ = {isa = PBXBuildFile; fileRef = 2E0B58861FB30F2100F31A9E /* Assets.xcassets */; };
		2E0B588A1FB30F2100F31A9E /* LaunchScreen.storyboard in Resources */ = {isa = PBXBuildFile; fileRef = 2E0B58881FB30F2100F31A9E /* LaunchScreen.storyboard */; };
		2E0B58921FB325FF00F31A9E /* AlbumsCollectionViewController.swift in Sources */ = {isa = PBXBuildFile; fileRef = 2E0B58911FB325FF00F31A9E /* AlbumsCollectionViewController.swift */; };
		2E0B58951FB3280000F31A9E /* AlbumManager.swift in Sources */ = {isa = PBXBuildFile; fileRef = 2E0B58941FB3280000F31A9E /* AlbumManager.swift */; };
		2E0B58971FB3287900F31A9E /* Album.swift in Sources */ = {isa = PBXBuildFile; fileRef = 2E0B58961FB3287900F31A9E /* Album.swift */; };
		2E0B58991FB328B800F31A9E /* Asset.swift in Sources */ = {isa = PBXBuildFile; fileRef = 2E0B58981FB328B800F31A9E /* Asset.swift */; };
		2E0B589D1FB3293100F31A9E /* PhotosAsset.swift in Sources */ = {isa = PBXBuildFile; fileRef = 2E0B589C1FB3293100F31A9E /* PhotosAsset.swift */; };
		2E0B58A01FB3297300F31A9E /* AlbumCollectionViewCell.swift in Sources */ = {isa = PBXBuildFile; fileRef = 2E0B589F1FB3297300F31A9E /* AlbumCollectionViewCell.swift */; };
		2E0B58A21FB32AC100F31A9E /* PhotosAlbum.swift in Sources */ = {isa = PBXBuildFile; fileRef = 2E0B58A11FB32AC100F31A9E /* PhotosAlbum.swift */; };
		2E0B58A41FB32ADD00F31A9E /* PhotosAlbumManager.swift in Sources */ = {isa = PBXBuildFile; fileRef = 2E0B58A31FB32ADD00F31A9E /* PhotosAlbumManager.swift */; };
		2E0B58A91FB3508B00F31A9E /* SelectedAssetsManager.swift in Sources */ = {isa = PBXBuildFile; fileRef = 2E0B58A81FB3508B00F31A9E /* SelectedAssetsManager.swift */; };
		2E4458761FB5AEF5000BE68D /* AssetPickerCollectionViewCell.swift in Sources */ = {isa = PBXBuildFile; fileRef = 2E4458751FB5AEF5000BE68D /* AssetPickerCollectionViewCell.swift */; };
		2E4458791FB5BE2D000BE68D /* AssetPickerCollectionViewController.swift in Sources */ = {isa = PBXBuildFile; fileRef = 2E4458781FB5BE2D000BE68D /* AssetPickerCollectionViewController.swift */; };
		2E44587D1FB5E311000BE68D /* UIScreenExtensions.swift in Sources */ = {isa = PBXBuildFile; fileRef = 2E44587C1FB5E311000BE68D /* UIScreenExtensions.swift */; };
		2ED5B3811FB478CC00F17F6D /* AlbumSearchResultsTableViewController.swift in Sources */ = {isa = PBXBuildFile; fileRef = 2ED5B3801FB478CC00F17F6D /* AlbumSearchResultsTableViewController.swift */; };
		2ED5B3831FB4806D00F17F6D /* AlbumSearchResultsTableViewCell.swift in Sources */ = {isa = PBXBuildFile; fileRef = 2ED5B3821FB4806D00F17F6D /* AlbumSearchResultsTableViewCell.swift */; };
/* End PBXBuildFile section */

/* Begin PBXFileReference section */
		2E0B587C1FB30F2100F31A9E /* Photobook.app */ = {isa = PBXFileReference; explicitFileType = wrapper.application; includeInIndex = 0; path = Photobook.app; sourceTree = BUILT_PRODUCTS_DIR; };
		2E0B587F1FB30F2100F31A9E /* AppDelegate.swift */ = {isa = PBXFileReference; lastKnownFileType = sourcecode.swift; path = AppDelegate.swift; sourceTree = "<group>"; };
		2E0B58841FB30F2100F31A9E /* Base */ = {isa = PBXFileReference; lastKnownFileType = file.storyboard; name = Base; path = Base.lproj/Main.storyboard; sourceTree = "<group>"; };
		2E0B58861FB30F2100F31A9E /* Assets.xcassets */ = {isa = PBXFileReference; lastKnownFileType = folder.assetcatalog; path = Assets.xcassets; sourceTree = "<group>"; };
		2E0B58891FB30F2100F31A9E /* Base */ = {isa = PBXFileReference; lastKnownFileType = file.storyboard; name = Base; path = Base.lproj/LaunchScreen.storyboard; sourceTree = "<group>"; };
		2E0B588B1FB30F2100F31A9E /* Info.plist */ = {isa = PBXFileReference; lastKnownFileType = text.plist.xml; path = Info.plist; sourceTree = "<group>"; };
		2E0B58911FB325FF00F31A9E /* AlbumsCollectionViewController.swift */ = {isa = PBXFileReference; lastKnownFileType = sourcecode.swift; path = AlbumsCollectionViewController.swift; sourceTree = "<group>"; };
		2E0B58941FB3280000F31A9E /* AlbumManager.swift */ = {isa = PBXFileReference; lastKnownFileType = sourcecode.swift; path = AlbumManager.swift; sourceTree = "<group>"; };
		2E0B58961FB3287900F31A9E /* Album.swift */ = {isa = PBXFileReference; lastKnownFileType = sourcecode.swift; path = Album.swift; sourceTree = "<group>"; };
		2E0B58981FB328B800F31A9E /* Asset.swift */ = {isa = PBXFileReference; lastKnownFileType = sourcecode.swift; path = Asset.swift; sourceTree = "<group>"; };
		2E0B589C1FB3293100F31A9E /* PhotosAsset.swift */ = {isa = PBXFileReference; lastKnownFileType = sourcecode.swift; path = PhotosAsset.swift; sourceTree = "<group>"; };
		2E0B589F1FB3297300F31A9E /* AlbumCollectionViewCell.swift */ = {isa = PBXFileReference; lastKnownFileType = sourcecode.swift; path = AlbumCollectionViewCell.swift; sourceTree = "<group>"; };
		2E0B58A11FB32AC100F31A9E /* PhotosAlbum.swift */ = {isa = PBXFileReference; lastKnownFileType = sourcecode.swift; path = PhotosAlbum.swift; sourceTree = "<group>"; };
		2E0B58A31FB32ADD00F31A9E /* PhotosAlbumManager.swift */ = {isa = PBXFileReference; lastKnownFileType = sourcecode.swift; path = PhotosAlbumManager.swift; sourceTree = "<group>"; };
		2E0B58A81FB3508B00F31A9E /* SelectedAssetsManager.swift */ = {isa = PBXFileReference; lastKnownFileType = sourcecode.swift; path = SelectedAssetsManager.swift; sourceTree = "<group>"; };
		2E4458751FB5AEF5000BE68D /* AssetPickerCollectionViewCell.swift */ = {isa = PBXFileReference; lastKnownFileType = sourcecode.swift; path = AssetPickerCollectionViewCell.swift; sourceTree = "<group>"; };
		2E4458781FB5BE2D000BE68D /* AssetPickerCollectionViewController.swift */ = {isa = PBXFileReference; lastKnownFileType = sourcecode.swift; path = AssetPickerCollectionViewController.swift; sourceTree = "<group>"; };
		2E44587C1FB5E311000BE68D /* UIScreenExtensions.swift */ = {isa = PBXFileReference; fileEncoding = 4; lastKnownFileType = sourcecode.swift; path = UIScreenExtensions.swift; sourceTree = "<group>"; };
		2ED5B3801FB478CC00F17F6D /* AlbumSearchResultsTableViewController.swift */ = {isa = PBXFileReference; lastKnownFileType = sourcecode.swift; path = AlbumSearchResultsTableViewController.swift; sourceTree = "<group>"; };
		2ED5B3821FB4806D00F17F6D /* AlbumSearchResultsTableViewCell.swift */ = {isa = PBXFileReference; lastKnownFileType = sourcecode.swift; path = AlbumSearchResultsTableViewCell.swift; sourceTree = "<group>"; };
/* End PBXFileReference section */

/* Begin PBXFrameworksBuildPhase section */
		2E0B58791FB30F2100F31A9E /* Frameworks */ = {
			isa = PBXFrameworksBuildPhase;
			buildActionMask = 2147483647;
			files = (
			);
			runOnlyForDeploymentPostprocessing = 0;
		};
/* End PBXFrameworksBuildPhase section */

/* Begin PBXGroup section */
		2E0B58731FB30F2100F31A9E = {
			isa = PBXGroup;
			children = (
				2E0B587E1FB30F2100F31A9E /* Photobook */,
				2E0B587D1FB30F2100F31A9E /* Products */,
			);
			sourceTree = "<group>";
		};
		2E0B587D1FB30F2100F31A9E /* Products */ = {
			isa = PBXGroup;
			children = (
				2E0B587C1FB30F2100F31A9E /* Photobook.app */,
			);
			name = Products;
			sourceTree = "<group>";
		};
		2E0B587E1FB30F2100F31A9E /* Photobook */ = {
			isa = PBXGroup;
			children = (
				2E0B587F1FB30F2100F31A9E /* AppDelegate.swift */,
				2E0B58831FB30F2100F31A9E /* Main.storyboard */,
				2E0B589B1FB3290500F31A9E /* Controllers */,
				2E0B58931FB3277C00F31A9E /* Model */,
				2E4458771FB5B0B3000BE68D /* Views */,
				2E44587B1FB5E2F3000BE68D /* Extensions */,
				2E0B58861FB30F2100F31A9E /* Assets.xcassets */,
				2E0B58881FB30F2100F31A9E /* LaunchScreen.storyboard */,
				2E0B588B1FB30F2100F31A9E /* Info.plist */,
			);
			path = Photobook;
			sourceTree = "<group>";
		};
		2E0B58931FB3277C00F31A9E /* Model */ = {
			isa = PBXGroup;
			children = (
				2E0B58A51FB32B2300F31A9E /* Assets */,
			);
			path = Model;
			sourceTree = "<group>";
		};
		2E0B589B1FB3290500F31A9E /* Controllers */ = {
			isa = PBXGroup;
			children = (
				2E0B58911FB325FF00F31A9E /* AlbumsCollectionViewController.swift */,
				2ED5B3801FB478CC00F17F6D /* AlbumSearchResultsTableViewController.swift */,
				2E4458781FB5BE2D000BE68D /* AssetPickerCollectionViewController.swift */,
			);
			path = Controllers;
			sourceTree = "<group>";
		};
		2E0B589E1FB3295400F31A9E /* Albums */ = {
			isa = PBXGroup;
			children = (
				2E0B589F1FB3297300F31A9E /* AlbumCollectionViewCell.swift */,
				2ED5B3821FB4806D00F17F6D /* AlbumSearchResultsTableViewCell.swift */,
			);
			path = Albums;
			sourceTree = "<group>";
		};
		2E0B58A51FB32B2300F31A9E /* Assets */ = {
			isa = PBXGroup;
			children = (
				2E0B58A81FB3508B00F31A9E /* SelectedAssetsManager.swift */,
				2E0B58941FB3280000F31A9E /* AlbumManager.swift */,
				2E0B58961FB3287900F31A9E /* Album.swift */,
				2E0B58981FB328B800F31A9E /* Asset.swift */,
				2E0B58A61FB32B3100F31A9E /* Photos */,
			);
			path = Assets;
			sourceTree = "<group>";
		};
		2E0B58A61FB32B3100F31A9E /* Photos */ = {
			isa = PBXGroup;
			children = (
				2E0B58A31FB32ADD00F31A9E /* PhotosAlbumManager.swift */,
				2E0B58A11FB32AC100F31A9E /* PhotosAlbum.swift */,
				2E0B589C1FB3293100F31A9E /* PhotosAsset.swift */,
			);
			path = Photos;
			sourceTree = "<group>";
		};
		2E4458771FB5B0B3000BE68D /* Views */ = {
			isa = PBXGroup;
			children = (
				2E0B589E1FB3295400F31A9E /* Albums */,
				2E44587A1FB5DEC3000BE68D /* Picker */,
			);
			path = Views;
			sourceTree = "<group>";
		};
		2E44587A1FB5DEC3000BE68D /* Picker */ = {
			isa = PBXGroup;
			children = (
				2E4458751FB5AEF5000BE68D /* AssetPickerCollectionViewCell.swift */,
			);
			path = Picker;
			sourceTree = "<group>";
		};
		2E44587B1FB5E2F3000BE68D /* Extensions */ = {
			isa = PBXGroup;
			children = (
				2E44587C1FB5E311000BE68D /* UIScreenExtensions.swift */,
			);
			path = Extensions;
			sourceTree = "<group>";
		};
/* End PBXGroup section */

/* Begin PBXNativeTarget section */
		2E0B587B1FB30F2100F31A9E /* Photobook */ = {
			isa = PBXNativeTarget;
			buildConfigurationList = 2E0B588E1FB30F2100F31A9E /* Build configuration list for PBXNativeTarget "Photobook" */;
			buildPhases = (
				2E0B58781FB30F2100F31A9E /* Sources */,
				2E0B58791FB30F2100F31A9E /* Frameworks */,
				2E0B587A1FB30F2100F31A9E /* Resources */,
			);
			buildRules = (
			);
			dependencies = (
			);
			name = Photobook;
			productName = Photobook;
			productReference = 2E0B587C1FB30F2100F31A9E /* Photobook.app */;
			productType = "com.apple.product-type.application";
		};
/* End PBXNativeTarget section */

/* Begin PBXProject section */
		2E0B58741FB30F2100F31A9E /* Project object */ = {
			isa = PBXProject;
			attributes = {
				LastSwiftUpdateCheck = 0910;
				LastUpgradeCheck = 0910;
				ORGANIZATIONNAME = Kite.ly;
				TargetAttributes = {
					2E0B587B1FB30F2100F31A9E = {
						CreatedOnToolsVersion = 9.1;
						ProvisioningStyle = Automatic;
					};
				};
			};
			buildConfigurationList = 2E0B58771FB30F2100F31A9E /* Build configuration list for PBXProject "Photobook" */;
			compatibilityVersion = "Xcode 8.0";
			developmentRegion = en;
			hasScannedForEncodings = 0;
			knownRegions = (
				en,
				Base,
			);
			mainGroup = 2E0B58731FB30F2100F31A9E;
			productRefGroup = 2E0B587D1FB30F2100F31A9E /* Products */;
			projectDirPath = "";
			projectRoot = "";
			targets = (
				2E0B587B1FB30F2100F31A9E /* Photobook */,
			);
		};
/* End PBXProject section */

/* Begin PBXResourcesBuildPhase section */
		2E0B587A1FB30F2100F31A9E /* Resources */ = {
			isa = PBXResourcesBuildPhase;
			buildActionMask = 2147483647;
			files = (
				2E0B588A1FB30F2100F31A9E /* LaunchScreen.storyboard in Resources */,
				2E0B58871FB30F2100F31A9E /* Assets.xcassets in Resources */,
				2E0B58851FB30F2100F31A9E /* Main.storyboard in Resources */,
			);
			runOnlyForDeploymentPostprocessing = 0;
		};
/* End PBXResourcesBuildPhase section */

/* Begin PBXSourcesBuildPhase section */
		2E0B58781FB30F2100F31A9E /* Sources */ = {
			isa = PBXSourcesBuildPhase;
			buildActionMask = 2147483647;
			files = (
				2E0B58A41FB32ADD00F31A9E /* PhotosAlbumManager.swift in Sources */,
				2E4458791FB5BE2D000BE68D /* AssetPickerCollectionViewController.swift in Sources */,
				2E44587D1FB5E311000BE68D /* UIScreenExtensions.swift in Sources */,
				2E0B58A01FB3297300F31A9E /* AlbumCollectionViewCell.swift in Sources */,
				2E0B58991FB328B800F31A9E /* Asset.swift in Sources */,
				2E0B58951FB3280000F31A9E /* AlbumManager.swift in Sources */,
				2E0B58A21FB32AC100F31A9E /* PhotosAlbum.swift in Sources */,
				2E0B58A91FB3508B00F31A9E /* SelectedAssetsManager.swift in Sources */,
				2E0B58801FB30F2100F31A9E /* AppDelegate.swift in Sources */,
				2E0B589D1FB3293100F31A9E /* PhotosAsset.swift in Sources */,
				2E4458761FB5AEF5000BE68D /* AssetPickerCollectionViewCell.swift in Sources */,
				2ED5B3831FB4806D00F17F6D /* AlbumSearchResultsTableViewCell.swift in Sources */,
				2ED5B3811FB478CC00F17F6D /* AlbumSearchResultsTableViewController.swift in Sources */,
				2E0B58921FB325FF00F31A9E /* AlbumsCollectionViewController.swift in Sources */,
				2E0B58971FB3287900F31A9E /* Album.swift in Sources */,
			);
			runOnlyForDeploymentPostprocessing = 0;
		};
/* End PBXSourcesBuildPhase section */

/* Begin PBXVariantGroup section */
		2E0B58831FB30F2100F31A9E /* Main.storyboard */ = {
			isa = PBXVariantGroup;
			children = (
				2E0B58841FB30F2100F31A9E /* Base */,
			);
			name = Main.storyboard;
			sourceTree = "<group>";
		};
		2E0B58881FB30F2100F31A9E /* LaunchScreen.storyboard */ = {
			isa = PBXVariantGroup;
			children = (
				2E0B58891FB30F2100F31A9E /* Base */,
			);
			name = LaunchScreen.storyboard;
			sourceTree = "<group>";
		};
/* End PBXVariantGroup section */

/* Begin XCBuildConfiguration section */
		2E0B588C1FB30F2100F31A9E /* Debug */ = {
			isa = XCBuildConfiguration;
			buildSettings = {
				ALWAYS_SEARCH_USER_PATHS = NO;
				CLANG_ANALYZER_NONNULL = YES;
				CLANG_ANALYZER_NUMBER_OBJECT_CONVERSION = YES_AGGRESSIVE;
				CLANG_CXX_LANGUAGE_STANDARD = "gnu++14";
				CLANG_CXX_LIBRARY = "libc++";
				CLANG_ENABLE_MODULES = YES;
				CLANG_ENABLE_OBJC_ARC = YES;
				CLANG_WARN_BLOCK_CAPTURE_AUTORELEASING = YES;
				CLANG_WARN_BOOL_CONVERSION = YES;
				CLANG_WARN_COMMA = YES;
				CLANG_WARN_CONSTANT_CONVERSION = YES;
				CLANG_WARN_DIRECT_OBJC_ISA_USAGE = YES_ERROR;
				CLANG_WARN_DOCUMENTATION_COMMENTS = YES;
				CLANG_WARN_EMPTY_BODY = YES;
				CLANG_WARN_ENUM_CONVERSION = YES;
				CLANG_WARN_INFINITE_RECURSION = YES;
				CLANG_WARN_INT_CONVERSION = YES;
				CLANG_WARN_NON_LITERAL_NULL_CONVERSION = YES;
				CLANG_WARN_OBJC_LITERAL_CONVERSION = YES;
				CLANG_WARN_OBJC_ROOT_CLASS = YES_ERROR;
				CLANG_WARN_RANGE_LOOP_ANALYSIS = YES;
				CLANG_WARN_STRICT_PROTOTYPES = YES;
				CLANG_WARN_SUSPICIOUS_MOVE = YES;
				CLANG_WARN_UNGUARDED_AVAILABILITY = YES_AGGRESSIVE;
				CLANG_WARN_UNREACHABLE_CODE = YES;
				CLANG_WARN__DUPLICATE_METHOD_MATCH = YES;
				CODE_SIGN_IDENTITY = "iPhone Developer";
				COPY_PHASE_STRIP = NO;
				DEBUG_INFORMATION_FORMAT = dwarf;
				ENABLE_STRICT_OBJC_MSGSEND = YES;
				ENABLE_TESTABILITY = YES;
				GCC_C_LANGUAGE_STANDARD = gnu11;
				GCC_DYNAMIC_NO_PIC = NO;
				GCC_NO_COMMON_BLOCKS = YES;
				GCC_OPTIMIZATION_LEVEL = 0;
				GCC_PREPROCESSOR_DEFINITIONS = (
					"DEBUG=1",
					"$(inherited)",
				);
				GCC_WARN_64_TO_32_BIT_CONVERSION = YES;
				GCC_WARN_ABOUT_RETURN_TYPE = YES_ERROR;
				GCC_WARN_UNDECLARED_SELECTOR = YES;
				GCC_WARN_UNINITIALIZED_AUTOS = YES_AGGRESSIVE;
				GCC_WARN_UNUSED_FUNCTION = YES;
				GCC_WARN_UNUSED_VARIABLE = YES;
				IPHONEOS_DEPLOYMENT_TARGET = 11.1;
				MTL_ENABLE_DEBUG_INFO = YES;
				ONLY_ACTIVE_ARCH = YES;
				SDKROOT = iphoneos;
				SWIFT_ACTIVE_COMPILATION_CONDITIONS = DEBUG;
				SWIFT_OPTIMIZATION_LEVEL = "-Onone";
			};
			name = Debug;
		};
		2E0B588D1FB30F2100F31A9E /* Release */ = {
			isa = XCBuildConfiguration;
			buildSettings = {
				ALWAYS_SEARCH_USER_PATHS = NO;
				CLANG_ANALYZER_NONNULL = YES;
				CLANG_ANALYZER_NUMBER_OBJECT_CONVERSION = YES_AGGRESSIVE;
				CLANG_CXX_LANGUAGE_STANDARD = "gnu++14";
				CLANG_CXX_LIBRARY = "libc++";
				CLANG_ENABLE_MODULES = YES;
				CLANG_ENABLE_OBJC_ARC = YES;
				CLANG_WARN_BLOCK_CAPTURE_AUTORELEASING = YES;
				CLANG_WARN_BOOL_CONVERSION = YES;
				CLANG_WARN_COMMA = YES;
				CLANG_WARN_CONSTANT_CONVERSION = YES;
				CLANG_WARN_DIRECT_OBJC_ISA_USAGE = YES_ERROR;
				CLANG_WARN_DOCUMENTATION_COMMENTS = YES;
				CLANG_WARN_EMPTY_BODY = YES;
				CLANG_WARN_ENUM_CONVERSION = YES;
				CLANG_WARN_INFINITE_RECURSION = YES;
				CLANG_WARN_INT_CONVERSION = YES;
				CLANG_WARN_NON_LITERAL_NULL_CONVERSION = YES;
				CLANG_WARN_OBJC_LITERAL_CONVERSION = YES;
				CLANG_WARN_OBJC_ROOT_CLASS = YES_ERROR;
				CLANG_WARN_RANGE_LOOP_ANALYSIS = YES;
				CLANG_WARN_STRICT_PROTOTYPES = YES;
				CLANG_WARN_SUSPICIOUS_MOVE = YES;
				CLANG_WARN_UNGUARDED_AVAILABILITY = YES_AGGRESSIVE;
				CLANG_WARN_UNREACHABLE_CODE = YES;
				CLANG_WARN__DUPLICATE_METHOD_MATCH = YES;
				CODE_SIGN_IDENTITY = "iPhone Developer";
				COPY_PHASE_STRIP = NO;
				DEBUG_INFORMATION_FORMAT = "dwarf-with-dsym";
				ENABLE_NS_ASSERTIONS = NO;
				ENABLE_STRICT_OBJC_MSGSEND = YES;
				GCC_C_LANGUAGE_STANDARD = gnu11;
				GCC_NO_COMMON_BLOCKS = YES;
				GCC_WARN_64_TO_32_BIT_CONVERSION = YES;
				GCC_WARN_ABOUT_RETURN_TYPE = YES_ERROR;
				GCC_WARN_UNDECLARED_SELECTOR = YES;
				GCC_WARN_UNINITIALIZED_AUTOS = YES_AGGRESSIVE;
				GCC_WARN_UNUSED_FUNCTION = YES;
				GCC_WARN_UNUSED_VARIABLE = YES;
				IPHONEOS_DEPLOYMENT_TARGET = 11.1;
				MTL_ENABLE_DEBUG_INFO = NO;
				SDKROOT = iphoneos;
				SWIFT_OPTIMIZATION_LEVEL = "-Owholemodule";
				VALIDATE_PRODUCT = YES;
			};
			name = Release;
		};
		2E0B588F1FB30F2100F31A9E /* Debug */ = {
			isa = XCBuildConfiguration;
			buildSettings = {
				ASSETCATALOG_COMPILER_APPICON_NAME = AppIcon;
				CODE_SIGN_STYLE = Automatic;
				DEVELOPMENT_TEAM = L78L4U72YJ;
				INFOPLIST_FILE = Photobook/Info.plist;
				IPHONEOS_DEPLOYMENT_TARGET = 10.0;
				LD_RUNPATH_SEARCH_PATHS = "$(inherited) @executable_path/Frameworks";
				PRODUCT_BUNDLE_IDENTIFIER = ly.kite.Photobook;
				PRODUCT_NAME = "$(TARGET_NAME)";
				SWIFT_VERSION = 4.0;
				TARGETED_DEVICE_FAMILY = 1;
			};
			name = Debug;
		};
		2E0B58901FB30F2100F31A9E /* Release */ = {
			isa = XCBuildConfiguration;
			buildSettings = {
				ASSETCATALOG_COMPILER_APPICON_NAME = AppIcon;
				CODE_SIGN_STYLE = Automatic;
				DEVELOPMENT_TEAM = L78L4U72YJ;
				INFOPLIST_FILE = Photobook/Info.plist;
				IPHONEOS_DEPLOYMENT_TARGET = 10.0;
				LD_RUNPATH_SEARCH_PATHS = "$(inherited) @executable_path/Frameworks";
				PRODUCT_BUNDLE_IDENTIFIER = ly.kite.Photobook;
				PRODUCT_NAME = "$(TARGET_NAME)";
				SWIFT_VERSION = 4.0;
				TARGETED_DEVICE_FAMILY = 1;
			};
			name = Release;
		};
/* End XCBuildConfiguration section */

/* Begin XCConfigurationList section */
		2E0B58771FB30F2100F31A9E /* Build configuration list for PBXProject "Photobook" */ = {
			isa = XCConfigurationList;
			buildConfigurations = (
				2E0B588C1FB30F2100F31A9E /* Debug */,
				2E0B588D1FB30F2100F31A9E /* Release */,
			);
			defaultConfigurationIsVisible = 0;
			defaultConfigurationName = Release;
		};
		2E0B588E1FB30F2100F31A9E /* Build configuration list for PBXNativeTarget "Photobook" */ = {
			isa = XCConfigurationList;
			buildConfigurations = (
				2E0B588F1FB30F2100F31A9E /* Debug */,
				2E0B58901FB30F2100F31A9E /* Release */,
			);
			defaultConfigurationIsVisible = 0;
			defaultConfigurationName = Release;
		};
/* End XCConfigurationList section */
	};
	rootObject = 2E0B58741FB30F2100F31A9E /* Project object */;
}
